lockfileVersion: '9.0'

settings:
  autoInstallPeers: true
  excludeLinksFromLockfile: false

importers:

  .:
    devDependencies:
      '@jsquash/avif':
        specifier: ^2.1.1
        version: 2.1.1
      '@jsquash/jpeg':
        specifier: ^1.6.0
        version: 1.6.0
      '@jsquash/png':
        specifier: ^3.1.1
        version: 3.1.1
      '@jsquash/webp':
        specifier: ^1.5.0
        version: 1.5.0
      aws4fetch:
        specifier: ^1.0.20
        version: 1.0.20
      browser-image-compression:
        specifier: ^2.0.2
        version: 2.0.2
      dayjs:
        specifier: ^1.11.19
        version: 1.11.19
      filesize:
        specifier: ^11.0.13
        version: 11.0.13
      typescript:
        specifier: ^5.9.3
        version: 5.9.3

packages:

  '@jsquash/avif@2.1.1':
    resolution: {integrity: sha512-LMRxd0fMgfCLtobDh0/sFYJMMiRJTNYSEEWvRDKXlAeZ08t3gI5V+1thIT0XjXJ+SVG7Zug9B0XPyx0Ti5VRNA==}

  '@jsquash/jpeg@1.6.0':
    resolution: {integrity: sha512-zwN46Awh1VM6gXlIcALwb5WzqK5H2e6+Awcs1QP8AvS8ohsK/sbE4esvmH4jhlhW7+CgiUUww66vg0aTnlSIMA==}

  '@jsquash/png@3.1.1':
    resolution: {integrity: sha512-C10pc+0H6j0h8fENOfnGOvkXCmvpSQTDGlfGd0sHphZhPSGTyLjIrHba0FaZZdsKqA/wlmhYicUHb92vfZphaw==}

  '@jsquash/webp@1.5.0':
    resolution: {integrity: sha512-KggLoj2MnRSfIqTeKe1EmbljTX2vuV7mh79k89PCL1pyqiDULcPM1L47twxXt0hkb68F70bXiL31MxsuoZtKFw==}

  aws4fetch@1.0.20:
    resolution: {integrity: sha512-/djoAN709iY65ETD6LKCtyyEI04XIBP5xVvfmNxsEP0uJB5tyaGBztSryRr4HqMStr9R06PisQE7m9zDTXKu6g==}

  browser-image-compression@2.0.2:
    resolution: {integrity: sha512-pBLlQyUf6yB8SmmngrcOw3EoS4RpQ1BcylI3T9Yqn7+4nrQTXJD4sJDe5ODnJdrvNMaio5OicFo75rDyJD2Ucw==}

  dayjs@1.11.19:
    resolution: {integrity: sha512-t5EcLVS6QPBNqM2z8fakk/NKel+Xzshgt8FFKAn+qwlD1pzZWxh0nVCrvFK7ZDb6XucZeF9z8C7CBWTRIVApAw==}

  filesize@11.0.13:
    resolution: {integrity: sha512-mYJ/qXKvREuO0uH8LTQJ6v7GsUvVOguqxg2VTwQUkyTPXXRRWPdjuUPVqdBrJQhvci48OHlNGRnux+Slr2Rnvw==}
    engines: {node: '>= 10.8.0'}

  typescript@5.9.3:
    resolution: {integrity: sha512-jl1vZzPDinLr9eUt3J/t7V6FgNEw9QjvBPdysz9KfQDD41fQrC2Y4vKQdiaUpFT4bXlb1RHhLpp8wtm6M5TgSw==}
    engines: {node: '>=14.17'}
    hasBin: true

  uzip@0.20201231.0:
    resolution: {integrity: sha512-OZeJfZP+R0z9D6TmBgLq2LHzSSptGMGDGigGiEe0pr8UBe/7fdflgHlHBNDASTXB5jnFuxHpNaJywSg8YFeGng==}

  wasm-feature-detect@1.8.0:
    resolution: {integrity: sha512-zksaLKM2fVlnB5jQQDqKXXwYHLQUVH9es+5TOOHwGOVJOCeRBCiPjwSg+3tN2AdTCzjgli4jijCH290kXb/zWQ==}

snapshots:

  '@jsquash/avif@2.1.1':
    dependencies:
      wasm-feature-detect: 1.8.0

  '@jsquash/jpeg@1.6.0': {}

  '@jsquash/png@3.1.1': {}

  '@jsquash/webp@1.5.0':
    dependencies:
      wasm-feature-detect: 1.8.0

  aws4fetch@1.0.20: {}

  browser-image-compression@2.0.2:
    dependencies:
      uzip: 0.20201231.0

  dayjs@1.11.19: {}

  filesize@11.0.13: {}

  typescript@5.9.3: {}

  uzip@0.20201231.0: {}

  wasm-feature-detect@1.8.0: {}
